Microsoft Visual Studio Solution File, Format Version 12.00
# Visual Studio 15
VisualStudioVersion = 15.0.27130.2020
MinimumVisualStudioVersion = 15.0.26124.0
Project("{6EC3EE1D-3C4E-46DD-8F32-0CC8E7565705}") = "FLexer.Core", "FLexer.Core\FLexer.Core.fsproj", "{0213B355-C8A7-48F5-BB63-6F071D8E9498}"
EndProject
Project("{6EC3EE1D-3C4E-46DD-8F32-0CC8E7565705}") = "FLexer.Tests", "FLexer.Tests\FLexer.Tests.fsproj", "{67599305-39A8-4CAD-BA80-B7E3E0BC4A6A}"
EndProject
Project("{F2A71F9B-5D33-465A-A702-920D77279786}") = "FLexer.Example", "FLexer.Example\FLexer.Example.fsproj", "{E70901BD-475C-418E-B4A5-9217BE1885E0}"
EndProject
Project("{6EC3EE1D-3C4E-46DD-8F32-0CC8E7565705}") = "FLexer.Playground", "FLexer.Playground\FLexer.Playground.fsproj", "{6D4CCDCA-4F66-4042-9464-836998E12558}"
EndProject
Global
	GlobalSection(SolutionConfigurationPlatforms) = preSolution
		Debug|Any CPU = Debug|Any CPU
		Debug|x64 = Debug|x64
		Debug|x86 = Debug|x86
		Release|Any CPU = Release|Any CPU
		Release|x64 = Release|x64
		Release|x86 = Release|x86
	EndGlobalSection
	GlobalSection(ProjectConfigurationPlatforms) = postSolution
		{0213B355-C8A7-48F5-BB63-6F071D8E9498}.Debug|Any CPU.ActiveCfg = Debug|Any CPU
		{0213B355-C8A7-48F5-BB63-6F071D8E9498}.Debug|Any CPU.Build.0 = Debug|Any CPU
		{0213B355-C8A7-48F5-BB63-6F071D8E9498}.Debug|x64.ActiveCfg = Debug|Any CPU
		{0213B355-C8A7-48F5-BB63-6F071D8E9498}.Debug|x64.Build.0 = Debug|Any CPU
		{0213B355-C8A7-48F5-BB63-6F071D8E9498}.Debug|x86.ActiveCfg = Debug|Any CPU
		{0213B355-C8A7-48F5-BB63-6F071D8E9498}.Debug|x86.Build.0 = Debug|Any CPU
		{0213B355-C8A7-48F5-BB63-6F071D8E9498}.Release|Any CPU.ActiveCfg = Release|Any CPU
		{0213B355-C8A7-48F5-BB63-6F071D8E9498}.Release|Any CPU.Build.0 = Release|Any CPU
		{0213B355-C8A7-48F5-BB63-6F071D8E9498}.Release|x64.ActiveCfg = Release|Any CPU
		{0213B355-C8A7-48F5-BB63-6F071D8E9498}.Release|x64.Build.0 = Release|Any CPU
		{0213B355-C8A7-48F5-BB63-6F071D8E9498}.Release|x86.ActiveCfg = Release|Any CPU
		{0213B355-C8A7-48F5-BB63-6F071D8E9498}.Release|x86.Build.0 = Release|Any CPU
		{67599305-39A8-4CAD-BA80-B7E3E0BC4A6A}.Debug|Any CPU.ActiveCfg = Debug|Any CPU
		{67599305-39A8-4CAD-BA80-B7E3E0BC4A6A}.Debug|Any CPU.Build.0 = Debug|Any CPU
		{67599305-39A8-4CAD-BA80-B7E3E0BC4A6A}.Debug|x64.ActiveCfg = Debug|Any CPU
		{67599305-39A8-4CAD-BA80-B7E3E0BC4A6A}.Debug|x64.Build.0 = Debug|Any CPU
		{67599305-39A8-4CAD-BA80-B7E3E0BC4A6A}.Debug|x86.ActiveCfg = Debug|Any CPU
		{67599305-39A8-4CAD-BA80-B7E3E0BC4A6A}.Debug|x86.Build.0 = Debug|Any CPU
		{67599305-39A8-4CAD-BA80-B7E3E0BC4A6A}.Release|Any CPU.ActiveCfg = Release|Any CPU
		{67599305-39A8-4CAD-BA80-B7E3E0BC4A6A}.Release|Any CPU.Build.0 = Release|Any CPU
		{67599305-39A8-4CAD-BA80-B7E3E0BC4A6A}.Release|x64.ActiveCfg = Release|Any CPU
		{67599305-39A8-4CAD-BA80-B7E3E0BC4A6A}.Release|x64.Build.0 = Release|Any CPU
		{67599305-39A8-4CAD-BA80-B7E3E0BC4A6A}.Release|x86.ActiveCfg = Release|Any CPU
		{67599305-39A8-4CAD-BA80-B7E3E0BC4A6A}.Release|x86.Build.0 = Release|Any CPU
		{E70901BD-475C-418E-B4A5-9217BE1885E0}.Debug|Any CPU.ActiveCfg = Debug|Any CPU
		{E70901BD-475C-418E-B4A5-9217BE1885E0}.Debug|Any CPU.Build.0 = Debug|Any CPU
		{E70901BD-475C-418E-B4A5-9217BE1885E0}.Debug|x64.ActiveCfg = Debug|Any CPU
		{E70901BD-475C-418E-B4A5-9217BE1885E0}.Debug|x64.Build.0 = Debug|Any CPU
		{E70901BD-475C-418E-B4A5-9217BE1885E0}.Debug|x86.ActiveCfg = Debug|Any CPU
		{E70901BD-475C-418E-B4A5-9217BE1885E0}.Debug|x86.Build.0 = Debug|Any CPU
		{E70901BD-475C-418E-B4A5-9217BE1885E0}.Release|Any CPU.ActiveCfg = Release|Any CPU
		{E70901BD-475C-418E-B4A5-9217BE1885E0}.Release|Any CPU.Build.0 = Release|Any CPU
		{E70901BD-475C-418E-B4A5-9217BE1885E0}.Release|x64.ActiveCfg = Release|Any CPU
		{E70901BD-475C-418E-B4A5-9217BE1885E0}.Release|x64.Build.0 = Release|Any CPU
		{E70901BD-475C-418E-B4A5-9217BE1885E0}.Release|x86.ActiveCfg = Release|Any CPU
		{E70901BD-475C-418E-B4A5-9217BE1885E0}.Release|x86.Build.0 = Release|Any CPU
		{6D4CCDCA-4F66-4042-9464-836998E12558}.Debug|Any CPU.ActiveCfg = Debug|Any CPU
		{6D4CCDCA-4F66-4042-9464-836998E12558}.Debug|Any CPU.Build.0 = Debug|Any CPU
		{6D4CCDCA-4F66-4042-9464-836998E12558}.Debug|x64.ActiveCfg = Debug|Any CPU
		{6D4CCDCA-4F66-4042-9464-836998E12558}.Debug|x64.Build.0 = Debug|Any CPU
		{6D4CCDCA-4F66-4042-9464-836998E12558}.Debug|x86.ActiveCfg = Debug|Any CPU
		{6D4CCDCA-4F66-4042-9464-836998E12558}.Debug|x86.Build.0 = Debug|Any CPU
		{6D4CCDCA-4F66-4042-9464-836998E12558}.Release|Any CPU.ActiveCfg = Release|Any CPU
		{6D4CCDCA-4F66-4042-9464-836998E12558}.Release|Any CPU.Build.0 = Release|Any CPU
		{6D4CCDCA-4F66-4042-9464-836998E12558}.Release|x64.ActiveCfg = Release|Any CPU
		{6D4CCDCA-4F66-4042-9464-836998E12558}.Release|x64.Build.0 = Release|Any CPU
		{6D4CCDCA-4F66-4042-9464-836998E12558}.Release|x86.ActiveCfg = Release|Any CPU
		{6D4CCDCA-4F66-4042-9464-836998E12558}.Release|x86.Build.0 = Release|Any CPU
	EndGlobalSection
	GlobalSection(SolutionProperties) = preSolution
		HideSolutionNode = FALSE
	EndGlobalSection
	GlobalSection(ExtensibilityGlobals) = postSolution
		SolutionGuid = {FCC07D98-A771-4DB2-9D84-308DA4302F6E}
	EndGlobalSection
EndGlobal
